
Microsoft Visual Studio Solution File, Format Version 12.00
# Visual Studio Version 16
VisualStudioVersion = 16.0.32510.428
MinimumVisualStudioVersion = 10.0.40219.1
Project("{8BC9CEB8-8B4A-11D0-8D11-00A0C91BC942}") = "Problem 4", "Problem 4.vcxproj", "{CC81992F-1335-404C-AE0A-D7B5EAA7095B}"
EndProject
Global
	GlobalSection(SolutionConfigurationPlatforms) = preSolution
		Debug|x64 = Debug|x64
		Debug|x86 = Debug|x86
		Release|x64 = Release|x64
		Release|x86 = Release|x86
	EndGlobalSection
	GlobalSection(ProjectConfigurationPlatforms) = postSolution
		{CC81992F-1335-404C-AE0A-D7B5EAA7095B}.Debug|x64.ActiveCfg = Debug|x64
		{CC81992F-1335-404C-AE0A-D7B5EAA7095B}.Debug|x64.Build.0 = Debug|x64
		{CC81992F-1335-404C-AE0A-D7B5EAA7095B}.Debug|x86.ActiveCfg = Debug|Win32
		{CC81992F-1335-404C-AE0A-D7B5EAA7095B}.Debug|x86.Build.0 = Debug|Win32
		{CC81992F-1335-404C-AE0A-D7B5EAA7095B}.Release|x64.ActiveCfg = Release|x64
		{CC81992F-1335-404C-AE0A-D7B5EAA7095B}.Release|x64.Build.0 = Release|x64
		{CC81992F-1335-404C-AE0A-D7B5EAA7095B}.Release|x86.ActiveCfg = Release|Win32
		{CC81992F-1335-404C-AE0A-D7B5EAA7095B}.Release|x86.Build.0 = Release|Win32
	EndGlobalSection
	GlobalSection(SolutionProperties) = preSolution
		HideSolutionNode = FALSE
	EndGlobalSection
	GlobalSection(ExtensibilityGlobals) = postSolution
		SolutionGuid = {090A1519-F954-4A2B-8D63-C3C991574812}
	EndGlobalSection
EndGlobal
